
Microsoft Visual Studio Solution File, Format Version 11.00
# Visual Studio 2010
Project("{FAE04EC0-301F-11D3-BF4B-00C04F79EFBC}") = "WhitePaperBible.iOS", "WhitePaperBible.iOS\WhitePaperBible.iOS.csproj", "{3F900B9B-EBCF-4CAC-BDA5-EB32993D6114}"
EndProject
Project("{FAE04EC0-301F-11D3-BF4B-00C04F79EFBC}") = "WhitePaperBible.Tests", "WhitePaperBible.Tests\WhitePaperBible.Tests.csproj", "{021B3B0C-C57A-4207-8AEA-FC59B4E5F9CC}"
EndProject
Project("{FAE04EC0-301F-11D3-BF4B-00C04F79EFBC}") = "WhitePaperBibile.PCL.Tests", "WhitePaperBibileCoreTests\WhitePaperBibile.PCL.Tests.csproj", "{46DE30A6-9B97-42A4-A58C-891EE72D1A93}"
EndProject
Project("{FAE04EC0-301F-11D3-BF4B-00C04F79EFBC}") = "WhitePaperBible.PCL", "WhitePaperBible.PCL\WhitePaperBible.PCL.csproj", "{75317DE9-E9AA-40ED-A17D-273B3EEAF998}"
EndProject
Global
	GlobalSection(SolutionConfigurationPlatforms) = preSolution
		Debug|Any CPU = Debug|Any CPU
		Release|Any CPU = Release|Any CPU
		Debug|iPhoneSimulator = Debug|iPhoneSimulator
		Release|iPhoneSimulator = Release|iPhoneSimulator
		Debug|iPhone = Debug|iPhone
		Release|iPhone = Release|iPhone
	EndGlobalSection
	GlobalSection(ProjectConfigurationPlatforms) = postSolution
		{021B3B0C-C57A-4207-8AEA-FC59B4E5F9CC}.Debug|Any CPU.ActiveCfg = Debug|iPhoneSimulator
		{021B3B0C-C57A-4207-8AEA-FC59B4E5F9CC}.Debug|Any CPU.Build.0 = Debug|iPhoneSimulator
		{021B3B0C-C57A-4207-8AEA-FC59B4E5F9CC}.Debug|iPhone.ActiveCfg = Debug|iPhone
		{021B3B0C-C57A-4207-8AEA-FC59B4E5F9CC}.Debug|iPhone.Build.0 = Debug|iPhone
		{021B3B0C-C57A-4207-8AEA-FC59B4E5F9CC}.Debug|iPhoneSimulator.ActiveCfg = Debug|iPhoneSimulator
		{021B3B0C-C57A-4207-8AEA-FC59B4E5F9CC}.Debug|iPhoneSimulator.Build.0 = Debug|iPhoneSimulator
		{021B3B0C-C57A-4207-8AEA-FC59B4E5F9CC}.Release|Any CPU.ActiveCfg = Release|iPhoneSimulator
		{021B3B0C-C57A-4207-8AEA-FC59B4E5F9CC}.Release|Any CPU.Build.0 = Release|iPhoneSimulator
		{021B3B0C-C57A-4207-8AEA-FC59B4E5F9CC}.Release|iPhone.ActiveCfg = Release|iPhone
		{021B3B0C-C57A-4207-8AEA-FC59B4E5F9CC}.Release|iPhone.Build.0 = Release|iPhone
		{021B3B0C-C57A-4207-8AEA-FC59B4E5F9CC}.Release|iPhoneSimulator.ActiveCfg = Release|iPhoneSimulator
		{021B3B0C-C57A-4207-8AEA-FC59B4E5F9CC}.Release|iPhoneSimulator.Build.0 = Release|iPhoneSimulator
		{3F900B9B-EBCF-4CAC-BDA5-EB32993D6114}.Debug|Any CPU.ActiveCfg = Debug|iPhoneSimulator
		{3F900B9B-EBCF-4CAC-BDA5-EB32993D6114}.Debug|Any CPU.Build.0 = Debug|iPhoneSimulator
		{3F900B9B-EBCF-4CAC-BDA5-EB32993D6114}.Debug|iPhone.ActiveCfg = Debug|iPhone
		{3F900B9B-EBCF-4CAC-BDA5-EB32993D6114}.Debug|iPhone.Build.0 = Debug|iPhone
		{3F900B9B-EBCF-4CAC-BDA5-EB32993D6114}.Debug|iPhoneSimulator.ActiveCfg = Debug|iPhoneSimulator
		{3F900B9B-EBCF-4CAC-BDA5-EB32993D6114}.Debug|iPhoneSimulator.Build.0 = Debug|iPhoneSimulator
		{3F900B9B-EBCF-4CAC-BDA5-EB32993D6114}.Release|Any CPU.ActiveCfg = Release|iPhoneSimulator
		{3F900B9B-EBCF-4CAC-BDA5-EB32993D6114}.Release|Any CPU.Build.0 = Release|iPhoneSimulator
		{3F900B9B-EBCF-4CAC-BDA5-EB32993D6114}.Release|iPhone.ActiveCfg = Release|iPhone
		{3F900B9B-EBCF-4CAC-BDA5-EB32993D6114}.Release|iPhone.Build.0 = Release|iPhone
		{3F900B9B-EBCF-4CAC-BDA5-EB32993D6114}.Release|iPhoneSimulator.ActiveCfg = Release|iPhoneSimulator
		{3F900B9B-EBCF-4CAC-BDA5-EB32993D6114}.Release|iPhoneSimulator.Build.0 = Release|iPhoneSimulator
		{46DE30A6-9B97-42A4-A58C-891EE72D1A93}.Debug|Any CPU.ActiveCfg = Debug|Any CPU
		{46DE30A6-9B97-42A4-A58C-891EE72D1A93}.Debug|Any CPU.Build.0 = Debug|Any CPU
		{46DE30A6-9B97-42A4-A58C-891EE72D1A93}.Debug|iPhone.ActiveCfg = Debug|Any CPU
		{46DE30A6-9B97-42A4-A58C-891EE72D1A93}.Debug|iPhone.Build.0 = Debug|Any CPU
		{46DE30A6-9B97-42A4-A58C-891EE72D1A93}.Debug|iPhoneSimulator.ActiveCfg = Debug|Any CPU
		{46DE30A6-9B97-42A4-A58C-891EE72D1A93}.Debug|iPhoneSimulator.Build.0 = Debug|Any CPU
		{46DE30A6-9B97-42A4-A58C-891EE72D1A93}.Release|Any CPU.ActiveCfg = Release|Any CPU
		{46DE30A6-9B97-42A4-A58C-891EE72D1A93}.Release|Any CPU.Build.0 = Release|Any CPU
		{46DE30A6-9B97-42A4-A58C-891EE72D1A93}.Release|iPhone.ActiveCfg = Release|Any CPU
		{46DE30A6-9B97-42A4-A58C-891EE72D1A93}.Release|iPhone.Build.0 = Release|Any CPU
		{46DE30A6-9B97-42A4-A58C-891EE72D1A93}.Release|iPhoneSimulator.ActiveCfg = Release|Any CPU
		{46DE30A6-9B97-42A4-A58C-891EE72D1A93}.Release|iPhoneSimulator.Build.0 = Release|Any CPU
		{75317DE9-E9AA-40ED-A17D-273B3EEAF998}.Debug|Any CPU.ActiveCfg = Debug|Any CPU
		{75317DE9-E9AA-40ED-A17D-273B3EEAF998}.Debug|Any CPU.Build.0 = Debug|Any CPU
		{75317DE9-E9AA-40ED-A17D-273B3EEAF998}.Debug|iPhone.ActiveCfg = Debug|Any CPU
		{75317DE9-E9AA-40ED-A17D-273B3EEAF998}.Debug|iPhone.Build.0 = Debug|Any CPU
		{75317DE9-E9AA-40ED-A17D-273B3EEAF998}.Debug|iPhoneSimulator.ActiveCfg = Debug|Any CPU
		{75317DE9-E9AA-40ED-A17D-273B3EEAF998}.Debug|iPhoneSimulator.Build.0 = Debug|Any CPU
		{75317DE9-E9AA-40ED-A17D-273B3EEAF998}.Release|Any CPU.ActiveCfg = Release|Any CPU
		{75317DE9-E9AA-40ED-A17D-273B3EEAF998}.Release|Any CPU.Build.0 = Release|Any CPU
		{75317DE9-E9AA-40ED-A17D-273B3EEAF998}.Release|iPhone.ActiveCfg = Release|Any CPU
		{75317DE9-E9AA-40ED-A17D-273B3EEAF998}.Release|iPhone.Build.0 = Release|Any CPU
		{75317DE9-E9AA-40ED-A17D-273B3EEAF998}.Release|iPhoneSimulator.ActiveCfg = Release|Any CPU
		{75317DE9-E9AA-40ED-A17D-273B3EEAF998}.Release|iPhoneSimulator.Build.0 = Release|Any CPU
	EndGlobalSection
	GlobalSection(MonoDevelopProperties) = preSolution
		StartupItem = WhitePaperBible.iOS\WhitePaperBible.iOS.csproj
	EndGlobalSection
EndGlobal
