
Microsoft Visual Studio Solution File, Format Version 11.00
# Visual Studio 2010
Project("{FAE04EC0-301F-11D3-BF4B-00C04F79EFBC}") = "WhitePaperBible.iOS", "WhitePaperBible.iOS\WhitePaperBible.iOS.csproj", "{3F900B9B-EBCF-4CAC-BDA5-EB32993D6114}"
EndProject
Project("{FAE04EC0-301F-11D3-BF4B-00C04F79EFBC}") = "WhitePaperBible.Tests", "WhitePaperBible.Tests\WhitePaperBible.Tests.csproj", "{021B3B0C-C57A-4207-8AEA-FC59B4E5F9CC}"
EndProject
Project("{FAE04EC0-301F-11D3-BF4B-00C04F79EFBC}") = "WhitePaperBibile.PCL.Tests", "WhitePaperBibileCoreTests\WhitePaperBibile.PCL.Tests.csproj", "{46DE30A6-9B97-42A4-A58C-891EE72D1A93}"
EndProject
Project("{FAE04EC0-301F-11D3-BF4B-00C04F79EFBC}") = "WhitePaperBible.PCL", "WhitePaperBible.PCL\WhitePaperBible.PCL.csproj", "{75317DE9-E9AA-40ED-A17D-273B3EEAF998}"
EndProject
Project("{FAE04EC0-301F-11D3-BF4B-00C04F79EFBC}") = "WhitePaperBible.Droid", "WhitePaperBible.Android\WhitePaperBible.Droid.csproj", "{2F9B2989-48BC-4219-BFE0-8DCC3E645591}"
EndProject
Project("{FAE04EC0-301F-11D3-BF4B-00C04F79EFBC}") = "WhitePaperBible.Today", "WhitePaperBible.Today\WhitePaperBible.Today.csproj", "{FAB67C98-EB15-4D75-8C09-AA59AD875D25}"
EndProject
Project("{D954291E-2A0B-460D-934E-DC6B0785DB48}") = "WhitePaperBible.WatchShared", "WhitePaperBible.WatchShared\WhitePaperBible.WatchShared.shproj", "{8A8B5C4C-4217-43F9-88B8-DE45E07DC117}"
EndProject
Project("{FAE04EC0-301F-11D3-BF4B-00C04F79EFBC}") = "MonkeyArmsPCL", "MonkeyArmsPCL\MonkeyArmsPCL.csproj", "{C3B705A8-81F9-469D-8085-C5333F6FD517}"
EndProject
Project("{2150E333-8FDC-42A3-9474-1A3956D46DE8}") = "Watch", "Watch", "{FC05768E-2B31-4E2C-A9D9-8BC797202941}"
EndProject
Project("{FAE04EC0-301F-11D3-BF4B-00C04F79EFBC}") = "WhitePaperBible.iOSWatchKitApp", "WhitePaperBible.iOSWatchKitApp\WhitePaperBible.iOSWatchKitApp.csproj", "{41C87FB7-651F-44E9-9DED-12E8AF630D3E}"
EndProject
Project("{FAE04EC0-301F-11D3-BF4B-00C04F79EFBC}") = "WhitePaperBible.iOSWatchKitExtension", "WhitePaperBible.iOSWatchKitExtension\WhitePaperBible.iOSWatchKitExtension.csproj", "{4F76FB08-D2A9-4A5C-9DB2-B52ADB169F94}"
EndProject
Project("{2150E333-8FDC-42A3-9474-1A3956D46DE8}") = "Android", "Android", "{0004006C-180D-496A-AC96-44FB0ACFFA90}"
EndProject
Project("{FAE04EC0-301F-11D3-BF4B-00C04F79EFBC}") = "BottomSheet-Xamarin.Android", "..\Cocosw.BottomSheet-Xamarin.Android\BottomSheet-Xamarin.Android\BottomSheet-Xamarin.Android.csproj", "{A843452F-ECD2-4F83-8357-F548B9106B64}"
EndProject
Project("{D954291E-2A0B-460D-934E-DC6B0785DB48}") = "WhitePaperBible", "Forms\WhitePaperBible\WhitePaperBible.shproj", "{EB72F35F-F41B-4788-9995-2ADBF249C856}"
EndProject
Project("{FAE04EC0-301F-11D3-BF4B-00C04F79EFBC}") = "WhitePaperBible.iOS", "Forms\iOS\WhitePaperBible.iOS.csproj", "{26C58839-D21B-43E3-B13E-1D3361955852}"
EndProject
Project("{FAE04EC0-301F-11D3-BF4B-00C04F79EFBC}") = "WhitePaperBible.Droid", "Forms\Droid\WhitePaperBible.Droid.csproj", "{9F6B8BCC-4D01-43B3-9363-C49D3F26A9B7}"
EndProject
Project("{FAE04EC0-301F-11D3-BF4B-00C04F79EFBC}") = "WhitePaperBible.UITests", "Forms\UITests\WhitePaperBible.UITests.csproj", "{F65BD43C-A9CE-438B-B5F1-D72D51DA97DC}"
EndProject
Project("{2150E333-8FDC-42A3-9474-1A3956D46DE8}") = "Forms", "Forms", "{2E3112CC-8C46-4761-A78C-E3BFA7DFC9F1}"
EndProject
Global
	GlobalSection(SolutionConfigurationPlatforms) = preSolution
		Debug|Any CPU = Debug|Any CPU
		Release|Any CPU = Release|Any CPU
		Debug|iPhoneSimulator = Debug|iPhoneSimulator
		Release|iPhoneSimulator = Release|iPhoneSimulator
		Debug|iPhone = Debug|iPhone
		Release|iPhone = Release|iPhone
		App Store|iPhone = App Store|iPhone
		Ad-Hoc|iPhone = Ad-Hoc|iPhone
		AppStore|iPhone = AppStore|iPhone
	EndGlobalSection
	GlobalSection(ProjectConfigurationPlatforms) = postSolution
		{021B3B0C-C57A-4207-8AEA-FC59B4E5F9CC}.Ad-Hoc|iPhone.ActiveCfg = Debug|iPhone
		{021B3B0C-C57A-4207-8AEA-FC59B4E5F9CC}.Ad-Hoc|iPhone.Build.0 = Debug|iPhone
		{021B3B0C-C57A-4207-8AEA-FC59B4E5F9CC}.App Store|iPhone.ActiveCfg = App Store|iPhone
		{021B3B0C-C57A-4207-8AEA-FC59B4E5F9CC}.App Store|iPhone.Build.0 = App Store|iPhone
		{021B3B0C-C57A-4207-8AEA-FC59B4E5F9CC}.AppStore|iPhone.ActiveCfg = Debug|iPhone
		{021B3B0C-C57A-4207-8AEA-FC59B4E5F9CC}.AppStore|iPhone.Build.0 = Debug|iPhone
		{021B3B0C-C57A-4207-8AEA-FC59B4E5F9CC}.Debug|Any CPU.ActiveCfg = Debug|iPhoneSimulator
		{021B3B0C-C57A-4207-8AEA-FC59B4E5F9CC}.Debug|Any CPU.Build.0 = Debug|iPhoneSimulator
		{021B3B0C-C57A-4207-8AEA-FC59B4E5F9CC}.Debug|iPhone.ActiveCfg = Debug|iPhone
		{021B3B0C-C57A-4207-8AEA-FC59B4E5F9CC}.Debug|iPhone.Build.0 = Debug|iPhone
		{021B3B0C-C57A-4207-8AEA-FC59B4E5F9CC}.Debug|iPhoneSimulator.ActiveCfg = Debug|iPhoneSimulator
		{021B3B0C-C57A-4207-8AEA-FC59B4E5F9CC}.Debug|iPhoneSimulator.Build.0 = Debug|iPhoneSimulator
		{021B3B0C-C57A-4207-8AEA-FC59B4E5F9CC}.Release|Any CPU.ActiveCfg = Release|iPhoneSimulator
		{021B3B0C-C57A-4207-8AEA-FC59B4E5F9CC}.Release|Any CPU.Build.0 = Release|iPhoneSimulator
		{021B3B0C-C57A-4207-8AEA-FC59B4E5F9CC}.Release|iPhone.ActiveCfg = Release|iPhone
		{021B3B0C-C57A-4207-8AEA-FC59B4E5F9CC}.Release|iPhone.Build.0 = Release|iPhone
		{021B3B0C-C57A-4207-8AEA-FC59B4E5F9CC}.Release|iPhoneSimulator.ActiveCfg = Release|iPhoneSimulator
		{021B3B0C-C57A-4207-8AEA-FC59B4E5F9CC}.Release|iPhoneSimulator.Build.0 = Release|iPhoneSimulator
		{2F9B2989-48BC-4219-BFE0-8DCC3E645591}.Ad-Hoc|iPhone.ActiveCfg = Debug|Any CPU
		{2F9B2989-48BC-4219-BFE0-8DCC3E645591}.Ad-Hoc|iPhone.Build.0 = Debug|Any CPU
		{2F9B2989-48BC-4219-BFE0-8DCC3E645591}.App Store|iPhone.ActiveCfg = Release|Any CPU
		{2F9B2989-48BC-4219-BFE0-8DCC3E645591}.App Store|iPhone.Build.0 = Release|Any CPU
		{2F9B2989-48BC-4219-BFE0-8DCC3E645591}.AppStore|iPhone.ActiveCfg = Debug|Any CPU
		{2F9B2989-48BC-4219-BFE0-8DCC3E645591}.Debug|Any CPU.ActiveCfg = Debug|Any CPU
		{2F9B2989-48BC-4219-BFE0-8DCC3E645591}.Debug|Any CPU.Build.0 = Debug|Any CPU
		{2F9B2989-48BC-4219-BFE0-8DCC3E645591}.Debug|iPhone.ActiveCfg = Debug|Any CPU
		{2F9B2989-48BC-4219-BFE0-8DCC3E645591}.Debug|iPhone.Build.0 = Debug|Any CPU
		{2F9B2989-48BC-4219-BFE0-8DCC3E645591}.Debug|iPhoneSimulator.ActiveCfg = Debug|Any CPU
		{2F9B2989-48BC-4219-BFE0-8DCC3E645591}.Debug|iPhoneSimulator.Build.0 = Debug|Any CPU
		{2F9B2989-48BC-4219-BFE0-8DCC3E645591}.Release|Any CPU.ActiveCfg = Release|Any CPU
		{2F9B2989-48BC-4219-BFE0-8DCC3E645591}.Release|Any CPU.Build.0 = Release|Any CPU
		{2F9B2989-48BC-4219-BFE0-8DCC3E645591}.Release|iPhone.ActiveCfg = Release|Any CPU
		{2F9B2989-48BC-4219-BFE0-8DCC3E645591}.Release|iPhoneSimulator.ActiveCfg = Release|Any CPU
		{2F9B2989-48BC-4219-BFE0-8DCC3E645591}.Release|iPhoneSimulator.Build.0 = Release|Any CPU
		{3F900B9B-EBCF-4CAC-BDA5-EB32993D6114}.Ad-Hoc|iPhone.ActiveCfg = Debug|iPhone
		{3F900B9B-EBCF-4CAC-BDA5-EB32993D6114}.Ad-Hoc|iPhone.Build.0 = Debug|iPhone
		{3F900B9B-EBCF-4CAC-BDA5-EB32993D6114}.App Store|iPhone.ActiveCfg = App Store|iPhone
		{3F900B9B-EBCF-4CAC-BDA5-EB32993D6114}.App Store|iPhone.Build.0 = App Store|iPhone
		{3F900B9B-EBCF-4CAC-BDA5-EB32993D6114}.AppStore|iPhone.ActiveCfg = Release|iPhone
		{3F900B9B-EBCF-4CAC-BDA5-EB32993D6114}.AppStore|iPhone.Build.0 = Release|iPhone
		{3F900B9B-EBCF-4CAC-BDA5-EB32993D6114}.Debug|Any CPU.ActiveCfg = Debug|iPhoneSimulator
		{3F900B9B-EBCF-4CAC-BDA5-EB32993D6114}.Debug|Any CPU.Build.0 = Debug|iPhoneSimulator
		{3F900B9B-EBCF-4CAC-BDA5-EB32993D6114}.Debug|iPhone.ActiveCfg = Debug|iPhone
		{3F900B9B-EBCF-4CAC-BDA5-EB32993D6114}.Debug|iPhone.Build.0 = Debug|iPhone
		{3F900B9B-EBCF-4CAC-BDA5-EB32993D6114}.Debug|iPhoneSimulator.ActiveCfg = Debug|iPhoneSimulator
		{3F900B9B-EBCF-4CAC-BDA5-EB32993D6114}.Debug|iPhoneSimulator.Build.0 = Debug|iPhoneSimulator
		{3F900B9B-EBCF-4CAC-BDA5-EB32993D6114}.Release|Any CPU.ActiveCfg = Release|iPhoneSimulator
		{3F900B9B-EBCF-4CAC-BDA5-EB32993D6114}.Release|Any CPU.Build.0 = Release|iPhoneSimulator
		{3F900B9B-EBCF-4CAC-BDA5-EB32993D6114}.Release|iPhone.ActiveCfg = Release|iPhone
		{3F900B9B-EBCF-4CAC-BDA5-EB32993D6114}.Release|iPhone.Build.0 = Release|iPhone
		{3F900B9B-EBCF-4CAC-BDA5-EB32993D6114}.Release|iPhoneSimulator.ActiveCfg = Release|iPhoneSimulator
		{3F900B9B-EBCF-4CAC-BDA5-EB32993D6114}.Release|iPhoneSimulator.Build.0 = Release|iPhoneSimulator
		{41C87FB7-651F-44E9-9DED-12E8AF630D3E}.Ad-Hoc|iPhone.ActiveCfg = Debug|iPhone
		{41C87FB7-651F-44E9-9DED-12E8AF630D3E}.Ad-Hoc|iPhone.Build.0 = Debug|iPhone
		{41C87FB7-651F-44E9-9DED-12E8AF630D3E}.App Store|iPhone.ActiveCfg = Release|iPhone
		{41C87FB7-651F-44E9-9DED-12E8AF630D3E}.App Store|iPhone.Build.0 = Release|iPhone
		{41C87FB7-651F-44E9-9DED-12E8AF630D3E}.AppStore|iPhone.ActiveCfg = Debug|iPhone
		{41C87FB7-651F-44E9-9DED-12E8AF630D3E}.Debug|Any CPU.ActiveCfg = Debug|iPhoneSimulator
		{41C87FB7-651F-44E9-9DED-12E8AF630D3E}.Debug|Any CPU.Build.0 = Debug|iPhoneSimulator
		{41C87FB7-651F-44E9-9DED-12E8AF630D3E}.Debug|iPhone.ActiveCfg = Debug|iPhone
		{41C87FB7-651F-44E9-9DED-12E8AF630D3E}.Debug|iPhone.Build.0 = Debug|iPhone
		{41C87FB7-651F-44E9-9DED-12E8AF630D3E}.Debug|iPhoneSimulator.ActiveCfg = Debug|iPhoneSimulator
		{41C87FB7-651F-44E9-9DED-12E8AF630D3E}.Debug|iPhoneSimulator.Build.0 = Debug|iPhoneSimulator
		{41C87FB7-651F-44E9-9DED-12E8AF630D3E}.Release|Any CPU.ActiveCfg = Release|iPhoneSimulator
		{41C87FB7-651F-44E9-9DED-12E8AF630D3E}.Release|Any CPU.Build.0 = Release|iPhoneSimulator
		{41C87FB7-651F-44E9-9DED-12E8AF630D3E}.Release|iPhone.ActiveCfg = Release|iPhone
		{41C87FB7-651F-44E9-9DED-12E8AF630D3E}.Release|iPhoneSimulator.ActiveCfg = Release|iPhoneSimulator
		{41C87FB7-651F-44E9-9DED-12E8AF630D3E}.Release|iPhoneSimulator.Build.0 = Release|iPhoneSimulator
		{46DE30A6-9B97-42A4-A58C-891EE72D1A93}.Ad-Hoc|iPhone.ActiveCfg = App Store|iPhone
		{46DE30A6-9B97-42A4-A58C-891EE72D1A93}.Ad-Hoc|iPhone.Build.0 = App Store|iPhone
		{46DE30A6-9B97-42A4-A58C-891EE72D1A93}.App Store|iPhone.ActiveCfg = App Store|iPhone
		{46DE30A6-9B97-42A4-A58C-891EE72D1A93}.App Store|iPhone.Build.0 = App Store|iPhone
		{46DE30A6-9B97-42A4-A58C-891EE72D1A93}.AppStore|iPhone.ActiveCfg = App Store|iPhone
		{46DE30A6-9B97-42A4-A58C-891EE72D1A93}.AppStore|iPhone.Build.0 = App Store|iPhone
		{46DE30A6-9B97-42A4-A58C-891EE72D1A93}.Debug|Any CPU.ActiveCfg = Debug|Any CPU
		{46DE30A6-9B97-42A4-A58C-891EE72D1A93}.Debug|Any CPU.Build.0 = Debug|Any CPU
		{46DE30A6-9B97-42A4-A58C-891EE72D1A93}.Debug|iPhone.ActiveCfg = Debug|Any CPU
		{46DE30A6-9B97-42A4-A58C-891EE72D1A93}.Debug|iPhone.Build.0 = Debug|Any CPU
		{46DE30A6-9B97-42A4-A58C-891EE72D1A93}.Debug|iPhoneSimulator.ActiveCfg = Debug|Any CPU
		{46DE30A6-9B97-42A4-A58C-891EE72D1A93}.Debug|iPhoneSimulator.Build.0 = Debug|Any CPU
		{46DE30A6-9B97-42A4-A58C-891EE72D1A93}.Release|Any CPU.ActiveCfg = Release|Any CPU
		{46DE30A6-9B97-42A4-A58C-891EE72D1A93}.Release|Any CPU.Build.0 = Release|Any CPU
		{46DE30A6-9B97-42A4-A58C-891EE72D1A93}.Release|iPhone.ActiveCfg = Release|Any CPU
		{46DE30A6-9B97-42A4-A58C-891EE72D1A93}.Release|iPhone.Build.0 = Release|Any CPU
		{46DE30A6-9B97-42A4-A58C-891EE72D1A93}.Release|iPhoneSimulator.ActiveCfg = Release|Any CPU
		{46DE30A6-9B97-42A4-A58C-891EE72D1A93}.Release|iPhoneSimulator.Build.0 = Release|Any CPU
		{4F76FB08-D2A9-4A5C-9DB2-B52ADB169F94}.Ad-Hoc|iPhone.ActiveCfg = Debug|iPhone
		{4F76FB08-D2A9-4A5C-9DB2-B52ADB169F94}.Ad-Hoc|iPhone.Build.0 = Debug|iPhone
		{4F76FB08-D2A9-4A5C-9DB2-B52ADB169F94}.App Store|iPhone.ActiveCfg = Release|iPhone
		{4F76FB08-D2A9-4A5C-9DB2-B52ADB169F94}.App Store|iPhone.Build.0 = Release|iPhone
		{4F76FB08-D2A9-4A5C-9DB2-B52ADB169F94}.AppStore|iPhone.ActiveCfg = Debug|iPhone
		{4F76FB08-D2A9-4A5C-9DB2-B52ADB169F94}.Debug|Any CPU.ActiveCfg = Debug|iPhoneSimulator
		{4F76FB08-D2A9-4A5C-9DB2-B52ADB169F94}.Debug|Any CPU.Build.0 = Debug|iPhoneSimulator
		{4F76FB08-D2A9-4A5C-9DB2-B52ADB169F94}.Debug|iPhone.ActiveCfg = Debug|iPhone
		{4F76FB08-D2A9-4A5C-9DB2-B52ADB169F94}.Debug|iPhone.Build.0 = Debug|iPhone
		{4F76FB08-D2A9-4A5C-9DB2-B52ADB169F94}.Debug|iPhoneSimulator.ActiveCfg = Debug|iPhoneSimulator
		{4F76FB08-D2A9-4A5C-9DB2-B52ADB169F94}.Debug|iPhoneSimulator.Build.0 = Debug|iPhoneSimulator
		{4F76FB08-D2A9-4A5C-9DB2-B52ADB169F94}.Release|Any CPU.ActiveCfg = Release|iPhoneSimulator
		{4F76FB08-D2A9-4A5C-9DB2-B52ADB169F94}.Release|Any CPU.Build.0 = Release|iPhoneSimulator
		{4F76FB08-D2A9-4A5C-9DB2-B52ADB169F94}.Release|iPhone.ActiveCfg = Release|iPhone
		{4F76FB08-D2A9-4A5C-9DB2-B52ADB169F94}.Release|iPhoneSimulator.ActiveCfg = Release|iPhoneSimulator
		{4F76FB08-D2A9-4A5C-9DB2-B52ADB169F94}.Release|iPhoneSimulator.Build.0 = Release|iPhoneSimulator
		{75317DE9-E9AA-40ED-A17D-273B3EEAF998}.Ad-Hoc|iPhone.ActiveCfg = App Store|iPhone
		{75317DE9-E9AA-40ED-A17D-273B3EEAF998}.Ad-Hoc|iPhone.Build.0 = App Store|iPhone
		{75317DE9-E9AA-40ED-A17D-273B3EEAF998}.App Store|iPhone.ActiveCfg = App Store|iPhone
		{75317DE9-E9AA-40ED-A17D-273B3EEAF998}.App Store|iPhone.Build.0 = App Store|iPhone
		{75317DE9-E9AA-40ED-A17D-273B3EEAF998}.AppStore|iPhone.ActiveCfg = Release|Any CPU
		{75317DE9-E9AA-40ED-A17D-273B3EEAF998}.AppStore|iPhone.Build.0 = Release|Any CPU
		{75317DE9-E9AA-40ED-A17D-273B3EEAF998}.Debug|Any CPU.ActiveCfg = Debug|Any CPU
		{75317DE9-E9AA-40ED-A17D-273B3EEAF998}.Debug|Any CPU.Build.0 = Debug|Any CPU
		{75317DE9-E9AA-40ED-A17D-273B3EEAF998}.Debug|iPhone.ActiveCfg = Debug|Any CPU
		{75317DE9-E9AA-40ED-A17D-273B3EEAF998}.Debug|iPhone.Build.0 = Debug|Any CPU
		{75317DE9-E9AA-40ED-A17D-273B3EEAF998}.Debug|iPhoneSimulator.ActiveCfg = Debug|Any CPU
		{75317DE9-E9AA-40ED-A17D-273B3EEAF998}.Debug|iPhoneSimulator.Build.0 = Debug|Any CPU
		{75317DE9-E9AA-40ED-A17D-273B3EEAF998}.Release|Any CPU.ActiveCfg = Release|Any CPU
		{75317DE9-E9AA-40ED-A17D-273B3EEAF998}.Release|Any CPU.Build.0 = Release|Any CPU
		{75317DE9-E9AA-40ED-A17D-273B3EEAF998}.Release|iPhone.ActiveCfg = Release|Any CPU
		{75317DE9-E9AA-40ED-A17D-273B3EEAF998}.Release|iPhone.Build.0 = Release|Any CPU
		{75317DE9-E9AA-40ED-A17D-273B3EEAF998}.Release|iPhoneSimulator.ActiveCfg = Release|Any CPU
		{75317DE9-E9AA-40ED-A17D-273B3EEAF998}.Release|iPhoneSimulator.Build.0 = Release|Any CPU
		{A843452F-ECD2-4F83-8357-F548B9106B64}.Ad-Hoc|iPhone.ActiveCfg = Debug|Any CPU
		{A843452F-ECD2-4F83-8357-F548B9106B64}.Ad-Hoc|iPhone.Build.0 = Debug|Any CPU
		{A843452F-ECD2-4F83-8357-F548B9106B64}.App Store|iPhone.ActiveCfg = Release|Any CPU
		{A843452F-ECD2-4F83-8357-F548B9106B64}.App Store|iPhone.Build.0 = Release|Any CPU
		{A843452F-ECD2-4F83-8357-F548B9106B64}.AppStore|iPhone.ActiveCfg = Debug|Any CPU
		{A843452F-ECD2-4F83-8357-F548B9106B64}.AppStore|iPhone.Build.0 = Debug|Any CPU
		{A843452F-ECD2-4F83-8357-F548B9106B64}.Debug|Any CPU.ActiveCfg = Debug|Any CPU
		{A843452F-ECD2-4F83-8357-F548B9106B64}.Debug|Any CPU.Build.0 = Debug|Any CPU
		{A843452F-ECD2-4F83-8357-F548B9106B64}.Debug|iPhone.ActiveCfg = Debug|Any CPU
		{A843452F-ECD2-4F83-8357-F548B9106B64}.Debug|iPhone.Build.0 = Debug|Any CPU
		{A843452F-ECD2-4F83-8357-F548B9106B64}.Debug|iPhoneSimulator.ActiveCfg = Debug|Any CPU
		{A843452F-ECD2-4F83-8357-F548B9106B64}.Debug|iPhoneSimulator.Build.0 = Debug|Any CPU
		{A843452F-ECD2-4F83-8357-F548B9106B64}.Release|Any CPU.ActiveCfg = Release|Any CPU
		{A843452F-ECD2-4F83-8357-F548B9106B64}.Release|Any CPU.Build.0 = Release|Any CPU
		{A843452F-ECD2-4F83-8357-F548B9106B64}.Release|iPhone.ActiveCfg = Release|Any CPU
		{A843452F-ECD2-4F83-8357-F548B9106B64}.Release|iPhone.Build.0 = Release|Any CPU
		{A843452F-ECD2-4F83-8357-F548B9106B64}.Release|iPhoneSimulator.ActiveCfg = Release|Any CPU
		{A843452F-ECD2-4F83-8357-F548B9106B64}.Release|iPhoneSimulator.Build.0 = Release|Any CPU
		{C3B705A8-81F9-469D-8085-C5333F6FD517}.Ad-Hoc|iPhone.ActiveCfg = Debug|Any CPU
		{C3B705A8-81F9-469D-8085-C5333F6FD517}.Ad-Hoc|iPhone.Build.0 = Debug|Any CPU
		{C3B705A8-81F9-469D-8085-C5333F6FD517}.App Store|iPhone.ActiveCfg = Release|Any CPU
		{C3B705A8-81F9-469D-8085-C5333F6FD517}.App Store|iPhone.Build.0 = Release|Any CPU
		{C3B705A8-81F9-469D-8085-C5333F6FD517}.AppStore|iPhone.ActiveCfg = Release|Any CPU
		{C3B705A8-81F9-469D-8085-C5333F6FD517}.AppStore|iPhone.Build.0 = Release|Any CPU
		{C3B705A8-81F9-469D-8085-C5333F6FD517}.Debug|Any CPU.ActiveCfg = Debug|Any CPU
		{C3B705A8-81F9-469D-8085-C5333F6FD517}.Debug|Any CPU.Build.0 = Debug|Any CPU
		{C3B705A8-81F9-469D-8085-C5333F6FD517}.Debug|iPhone.ActiveCfg = Debug|Any CPU
		{C3B705A8-81F9-469D-8085-C5333F6FD517}.Debug|iPhone.Build.0 = Debug|Any CPU
		{C3B705A8-81F9-469D-8085-C5333F6FD517}.Debug|iPhoneSimulator.ActiveCfg = Debug|Any CPU
		{C3B705A8-81F9-469D-8085-C5333F6FD517}.Debug|iPhoneSimulator.Build.0 = Debug|Any CPU
		{C3B705A8-81F9-469D-8085-C5333F6FD517}.Release|Any CPU.ActiveCfg = Release|Any CPU
		{C3B705A8-81F9-469D-8085-C5333F6FD517}.Release|Any CPU.Build.0 = Release|Any CPU
		{C3B705A8-81F9-469D-8085-C5333F6FD517}.Release|iPhone.ActiveCfg = Release|Any CPU
		{C3B705A8-81F9-469D-8085-C5333F6FD517}.Release|iPhone.Build.0 = Release|Any CPU
		{C3B705A8-81F9-469D-8085-C5333F6FD517}.Release|iPhoneSimulator.ActiveCfg = Release|Any CPU
		{C3B705A8-81F9-469D-8085-C5333F6FD517}.Release|iPhoneSimulator.Build.0 = Release|Any CPU
		{FAB67C98-EB15-4D75-8C09-AA59AD875D25}.Ad-Hoc|iPhone.ActiveCfg = Ad-Hoc|iPhone
		{FAB67C98-EB15-4D75-8C09-AA59AD875D25}.Ad-Hoc|iPhone.Build.0 = Ad-Hoc|iPhone
		{FAB67C98-EB15-4D75-8C09-AA59AD875D25}.App Store|iPhone.ActiveCfg = Debug|iPhone
		{FAB67C98-EB15-4D75-8C09-AA59AD875D25}.App Store|iPhone.Build.0 = Debug|iPhone
		{FAB67C98-EB15-4D75-8C09-AA59AD875D25}.AppStore|iPhone.ActiveCfg = AppStore|iPhone
		{FAB67C98-EB15-4D75-8C09-AA59AD875D25}.Debug|Any CPU.ActiveCfg = Debug|iPhoneSimulator
		{FAB67C98-EB15-4D75-8C09-AA59AD875D25}.Debug|Any CPU.Build.0 = Debug|iPhoneSimulator
		{FAB67C98-EB15-4D75-8C09-AA59AD875D25}.Debug|iPhone.ActiveCfg = Debug|iPhone
		{FAB67C98-EB15-4D75-8C09-AA59AD875D25}.Debug|iPhone.Build.0 = Debug|iPhone
		{FAB67C98-EB15-4D75-8C09-AA59AD875D25}.Debug|iPhoneSimulator.ActiveCfg = Debug|iPhoneSimulator
		{FAB67C98-EB15-4D75-8C09-AA59AD875D25}.Debug|iPhoneSimulator.Build.0 = Debug|iPhoneSimulator
		{FAB67C98-EB15-4D75-8C09-AA59AD875D25}.Release|Any CPU.ActiveCfg = Release|iPhoneSimulator
		{FAB67C98-EB15-4D75-8C09-AA59AD875D25}.Release|Any CPU.Build.0 = Release|iPhoneSimulator
		{FAB67C98-EB15-4D75-8C09-AA59AD875D25}.Release|iPhone.ActiveCfg = Release|iPhone
		{FAB67C98-EB15-4D75-8C09-AA59AD875D25}.Release|iPhoneSimulator.ActiveCfg = Release|iPhoneSimulator
		{FAB67C98-EB15-4D75-8C09-AA59AD875D25}.Release|iPhoneSimulator.Build.0 = Release|iPhoneSimulator
		{26C58839-D21B-43E3-B13E-1D3361955852}.Debug|Any CPU.ActiveCfg = Debug|iPhoneSimulator
		{26C58839-D21B-43E3-B13E-1D3361955852}.Debug|Any CPU.Build.0 = Debug|iPhoneSimulator
		{26C58839-D21B-43E3-B13E-1D3361955852}.Release|Any CPU.ActiveCfg = Release|iPhoneSimulator
		{26C58839-D21B-43E3-B13E-1D3361955852}.Release|Any CPU.Build.0 = Release|iPhoneSimulator
		{26C58839-D21B-43E3-B13E-1D3361955852}.Debug|iPhoneSimulator.ActiveCfg = Debug|iPhoneSimulator
		{26C58839-D21B-43E3-B13E-1D3361955852}.Debug|iPhoneSimulator.Build.0 = Debug|iPhoneSimulator
		{26C58839-D21B-43E3-B13E-1D3361955852}.Release|iPhoneSimulator.ActiveCfg = Release|iPhoneSimulator
		{26C58839-D21B-43E3-B13E-1D3361955852}.Release|iPhoneSimulator.Build.0 = Release|iPhoneSimulator
		{26C58839-D21B-43E3-B13E-1D3361955852}.Debug|iPhone.ActiveCfg = Debug|iPhone
		{26C58839-D21B-43E3-B13E-1D3361955852}.Debug|iPhone.Build.0 = Debug|iPhone
		{26C58839-D21B-43E3-B13E-1D3361955852}.Release|iPhone.ActiveCfg = Release|iPhone
		{26C58839-D21B-43E3-B13E-1D3361955852}.Release|iPhone.Build.0 = Release|iPhone
		{26C58839-D21B-43E3-B13E-1D3361955852}.App Store|iPhone.ActiveCfg = Release|iPhone
		{26C58839-D21B-43E3-B13E-1D3361955852}.App Store|iPhone.Build.0 = Release|iPhone
		{26C58839-D21B-43E3-B13E-1D3361955852}.Ad-Hoc|iPhone.ActiveCfg = Debug|iPhone
		{26C58839-D21B-43E3-B13E-1D3361955852}.Ad-Hoc|iPhone.Build.0 = Debug|iPhone
		{26C58839-D21B-43E3-B13E-1D3361955852}.AppStore|iPhone.ActiveCfg = Release|iPhone
		{26C58839-D21B-43E3-B13E-1D3361955852}.AppStore|iPhone.Build.0 = Release|iPhone
		{9F6B8BCC-4D01-43B3-9363-C49D3F26A9B7}.Debug|Any CPU.ActiveCfg = Debug|Any CPU
		{9F6B8BCC-4D01-43B3-9363-C49D3F26A9B7}.Debug|Any CPU.Build.0 = Debug|Any CPU
		{9F6B8BCC-4D01-43B3-9363-C49D3F26A9B7}.Release|Any CPU.ActiveCfg = Release|Any CPU
		{9F6B8BCC-4D01-43B3-9363-C49D3F26A9B7}.Release|Any CPU.Build.0 = Release|Any CPU
		{9F6B8BCC-4D01-43B3-9363-C49D3F26A9B7}.Debug|iPhoneSimulator.ActiveCfg = Debug|Any CPU
		{9F6B8BCC-4D01-43B3-9363-C49D3F26A9B7}.Debug|iPhoneSimulator.Build.0 = Debug|Any CPU
		{9F6B8BCC-4D01-43B3-9363-C49D3F26A9B7}.Release|iPhoneSimulator.ActiveCfg = Release|Any CPU
		{9F6B8BCC-4D01-43B3-9363-C49D3F26A9B7}.Release|iPhoneSimulator.Build.0 = Release|Any CPU
		{9F6B8BCC-4D01-43B3-9363-C49D3F26A9B7}.Debug|iPhone.ActiveCfg = Debug|Any CPU
		{9F6B8BCC-4D01-43B3-9363-C49D3F26A9B7}.Debug|iPhone.Build.0 = Debug|Any CPU
		{9F6B8BCC-4D01-43B3-9363-C49D3F26A9B7}.Release|iPhone.ActiveCfg = Release|Any CPU
		{9F6B8BCC-4D01-43B3-9363-C49D3F26A9B7}.Release|iPhone.Build.0 = Release|Any CPU
		{9F6B8BCC-4D01-43B3-9363-C49D3F26A9B7}.App Store|iPhone.ActiveCfg = Release|Any CPU
		{9F6B8BCC-4D01-43B3-9363-C49D3F26A9B7}.App Store|iPhone.Build.0 = Release|Any CPU
		{9F6B8BCC-4D01-43B3-9363-C49D3F26A9B7}.Ad-Hoc|iPhone.ActiveCfg = Debug|Any CPU
		{9F6B8BCC-4D01-43B3-9363-C49D3F26A9B7}.Ad-Hoc|iPhone.Build.0 = Debug|Any CPU
		{9F6B8BCC-4D01-43B3-9363-C49D3F26A9B7}.AppStore|iPhone.ActiveCfg = Release|Any CPU
		{9F6B8BCC-4D01-43B3-9363-C49D3F26A9B7}.AppStore|iPhone.Build.0 = Release|Any CPU
		{F65BD43C-A9CE-438B-B5F1-D72D51DA97DC}.Debug|Any CPU.ActiveCfg = Debug|Any CPU
		{F65BD43C-A9CE-438B-B5F1-D72D51DA97DC}.Debug|Any CPU.Build.0 = Debug|Any CPU
		{F65BD43C-A9CE-438B-B5F1-D72D51DA97DC}.Release|Any CPU.ActiveCfg = Release|Any CPU
		{F65BD43C-A9CE-438B-B5F1-D72D51DA97DC}.Release|Any CPU.Build.0 = Release|Any CPU
		{F65BD43C-A9CE-438B-B5F1-D72D51DA97DC}.Debug|iPhoneSimulator.ActiveCfg = Debug|Any CPU
		{F65BD43C-A9CE-438B-B5F1-D72D51DA97DC}.Debug|iPhoneSimulator.Build.0 = Debug|Any CPU
		{F65BD43C-A9CE-438B-B5F1-D72D51DA97DC}.Release|iPhoneSimulator.ActiveCfg = Release|Any CPU
		{F65BD43C-A9CE-438B-B5F1-D72D51DA97DC}.Release|iPhoneSimulator.Build.0 = Release|Any CPU
		{F65BD43C-A9CE-438B-B5F1-D72D51DA97DC}.Debug|iPhone.ActiveCfg = Debug|Any CPU
		{F65BD43C-A9CE-438B-B5F1-D72D51DA97DC}.Debug|iPhone.Build.0 = Debug|Any CPU
		{F65BD43C-A9CE-438B-B5F1-D72D51DA97DC}.Release|iPhone.ActiveCfg = Release|Any CPU
		{F65BD43C-A9CE-438B-B5F1-D72D51DA97DC}.Release|iPhone.Build.0 = Release|Any CPU
		{F65BD43C-A9CE-438B-B5F1-D72D51DA97DC}.App Store|iPhone.ActiveCfg = Release|Any CPU
		{F65BD43C-A9CE-438B-B5F1-D72D51DA97DC}.App Store|iPhone.Build.0 = Release|Any CPU
		{F65BD43C-A9CE-438B-B5F1-D72D51DA97DC}.Ad-Hoc|iPhone.ActiveCfg = Debug|Any CPU
		{F65BD43C-A9CE-438B-B5F1-D72D51DA97DC}.Ad-Hoc|iPhone.Build.0 = Debug|Any CPU
		{F65BD43C-A9CE-438B-B5F1-D72D51DA97DC}.AppStore|iPhone.ActiveCfg = Release|Any CPU
		{F65BD43C-A9CE-438B-B5F1-D72D51DA97DC}.AppStore|iPhone.Build.0 = Release|Any CPU
	EndGlobalSection
	GlobalSection(NestedProjects) = preSolution
		{41C87FB7-651F-44E9-9DED-12E8AF630D3E} = {FC05768E-2B31-4E2C-A9D9-8BC797202941}
		{4F76FB08-D2A9-4A5C-9DB2-B52ADB169F94} = {FC05768E-2B31-4E2C-A9D9-8BC797202941}
		{A843452F-ECD2-4F83-8357-F548B9106B64} = {0004006C-180D-496A-AC96-44FB0ACFFA90}
		{EB72F35F-F41B-4788-9995-2ADBF249C856} = {2E3112CC-8C46-4761-A78C-E3BFA7DFC9F1}
		{9F6B8BCC-4D01-43B3-9363-C49D3F26A9B7} = {2E3112CC-8C46-4761-A78C-E3BFA7DFC9F1}
		{26C58839-D21B-43E3-B13E-1D3361955852} = {2E3112CC-8C46-4761-A78C-E3BFA7DFC9F1}
	EndGlobalSection
	GlobalSection(MonoDevelopProperties) = preSolution
		Policies = $0
		$0.DotNetNamingPolicy = $1
		$1.DirectoryNamespaceAssociation = Flat
		$1.ResourceNamePolicy = FileFormatDefault
		$0.TextStylePolicy = $2
		$2.inheritsSet = null
		$2.scope = text/x-csharp
		$0.CSharpFormattingPolicy = $3
		$3.AfterDelegateDeclarationParameterComma = True
		$3.inheritsSet = Mono
		$3.inheritsScope = text/x-csharp
		$3.scope = text/x-csharp
	EndGlobalSection
EndGlobal
